
Microsoft Visual Studio Solution File, Format Version 12.00
# Visual Studio Version 17
VisualStudioVersion = 17.11.35312.102
MinimumVisualStudioVersion = 10.0.40219.1
Project("{FAE04EC0-301F-11D3-BF4B-00C04F79EFBC}") = "Clicker Game", "Clicker Game\Clicker Game.csproj", "{7E50C703-E2A5-4679-BD1A-38F4F9174797}"
EndProject
Global
	GlobalSection(SolutionConfigurationPlatforms) = preSolution
		Debug|Any CPU = Debug|Any CPU
		Release|Any CPU = Release|Any CPU
	EndGlobalSection
	GlobalSection(ProjectConfigurationPlatforms) = postSolution
		{7E50C703-E2A5-4679-BD1A-38F4F9174797}.Debug|Any CPU.ActiveCfg = Debug|Any CPU
		{7E50C703-E2A5-4679-BD1A-38F4F9174797}.Debug|Any CPU.Build.0 = Debug|Any CPU
		{7E50C703-E2A5-4679-BD1A-38F4F9174797}.Release|Any CPU.ActiveCfg = Release|Any CPU
		{7E50C703-E2A5-4679-BD1A-38F4F9174797}.Release|Any CPU.Build.0 = Release|Any CPU
	EndGlobalSection
	GlobalSection(SolutionProperties) = preSolution
		HideSolutionNode = FALSE
	EndGlobalSection
	GlobalSection(ExtensibilityGlobals) = postSolution
		SolutionGuid = {0E7B0313-DA14-4538-88FB-BDEF0A86EC8E}
	EndGlobalSection
EndGlobal
